
Microsoft Visual Studio Solution File, Format Version 12.00
# Visual Studio Version 16
VisualStudioVersion = 16.0.30517.126
MinimumVisualStudioVersion = 10.0.40219.1
Project("{FAE04EC0-301F-11D3-BF4B-00C04F79EFBC}") = "InternationalBusinessMen.Data", "InternationalBusinessMen.Data\InternationalBusinessMen.Data.csproj", "{9426B45E-7B98-4C63-9ACC-4793E3944C64}"
EndProject
Project("{FAE04EC0-301F-11D3-BF4B-00C04F79EFBC}") = "InternationalBusinessMen.API", "InternationalBusinessMen.API\InternationalBusinessMen.API.csproj", "{14DB6B6B-DCFB-4F30-895B-2F1E9216F5C2}"
EndProject
Project("{FAE04EC0-301F-11D3-BF4B-00C04F79EFBC}") = "InternationBusinessMen.UnitTest", "InternationBusinessMen.UnitTest\InternationBusinessMen.UnitTest.csproj", "{CA98F803-35E5-4CC6-A058-175591E85C72}"
EndProject
Global
	GlobalSection(SolutionConfigurationPlatforms) = preSolution
		Debug|Any CPU = Debug|Any CPU
		Release|Any CPU = Release|Any CPU
	EndGlobalSection
	GlobalSection(ProjectConfigurationPlatforms) = postSolution
		{9426B45E-7B98-4C63-9ACC-4793E3944C64}.Debug|Any CPU.ActiveCfg = Debug|Any CPU
		{9426B45E-7B98-4C63-9ACC-4793E3944C64}.Debug|Any CPU.Build.0 = Debug|Any CPU
		{9426B45E-7B98-4C63-9ACC-4793E3944C64}.Release|Any CPU.ActiveCfg = Release|Any CPU
		{9426B45E-7B98-4C63-9ACC-4793E3944C64}.Release|Any CPU.Build.0 = Release|Any CPU
		{14DB6B6B-DCFB-4F30-895B-2F1E9216F5C2}.Debug|Any CPU.ActiveCfg = Debug|Any CPU
		{14DB6B6B-DCFB-4F30-895B-2F1E9216F5C2}.Debug|Any CPU.Build.0 = Debug|Any CPU
		{14DB6B6B-DCFB-4F30-895B-2F1E9216F5C2}.Release|Any CPU.ActiveCfg = Release|Any CPU
		{14DB6B6B-DCFB-4F30-895B-2F1E9216F5C2}.Release|Any CPU.Build.0 = Release|Any CPU
		{CA98F803-35E5-4CC6-A058-175591E85C72}.Debug|Any CPU.ActiveCfg = Debug|Any CPU
		{CA98F803-35E5-4CC6-A058-175591E85C72}.Debug|Any CPU.Build.0 = Debug|Any CPU
		{CA98F803-35E5-4CC6-A058-175591E85C72}.Release|Any CPU.ActiveCfg = Release|Any CPU
		{CA98F803-35E5-4CC6-A058-175591E85C72}.Release|Any CPU.Build.0 = Release|Any CPU
	EndGlobalSection
	GlobalSection(SolutionProperties) = preSolution
		HideSolutionNode = FALSE
	EndGlobalSection
	GlobalSection(ExtensibilityGlobals) = postSolution
		SolutionGuid = {6EAF575B-9C26-4915-BC22-909F77F578A4}
	EndGlobalSection
EndGlobal
